
Microsoft Visual Studio Solution File, Format Version 12.00
# Visual Studio 2013
VisualStudioVersion = 12.0.30723.0
MinimumVisualStudioVersion = 10.0.40219.1
Project("{2150E333-8FDC-42A3-9474-1A3956D46DE8}") = "Meta", "Meta", "{75EE1875-244F-49A6-A723-3FDB3ECEA069}"
	ProjectSection(SolutionItems) = preProject
		LICENSE.txt = LICENSE.txt
		README.md = README.md
	EndProjectSection
EndProject
Project("{FAE04EC0-301F-11D3-BF4B-00C04F79EFBC}") = "GogoKit", "src\GogoKit\GogoKit.csproj", "{983D1D4A-1919-47BA-9A56-2393CB1D3662}"
EndProject
Project("{FAE04EC0-301F-11D3-BF4B-00C04F79EFBC}") = "GogoKit.Tests", "tests\GogoKit.Tests\GogoKit.Tests.csproj", "{967052B3-DDCD-403E-ABB1-38165B605615}"
EndProject
Global
	GlobalSection(SolutionConfigurationPlatforms) = preSolution
		Debug|Any CPU = Debug|Any CPU
		Release|Any CPU = Release|Any CPU
	EndGlobalSection
	GlobalSection(ProjectConfigurationPlatforms) = postSolution
		{983D1D4A-1919-47BA-9A56-2393CB1D3662}.Debug|Any CPU.ActiveCfg = Debug|Any CPU
		{983D1D4A-1919-47BA-9A56-2393CB1D3662}.Debug|Any CPU.Build.0 = Debug|Any CPU
		{983D1D4A-1919-47BA-9A56-2393CB1D3662}.Release|Any CPU.ActiveCfg = Release|Any CPU
		{983D1D4A-1919-47BA-9A56-2393CB1D3662}.Release|Any CPU.Build.0 = Release|Any CPU
		{967052B3-DDCD-403E-ABB1-38165B605615}.Debug|Any CPU.ActiveCfg = Debug|Any CPU
		{967052B3-DDCD-403E-ABB1-38165B605615}.Debug|Any CPU.Build.0 = Debug|Any CPU
		{967052B3-DDCD-403E-ABB1-38165B605615}.Release|Any CPU.ActiveCfg = Release|Any CPU
		{967052B3-DDCD-403E-ABB1-38165B605615}.Release|Any CPU.Build.0 = Release|Any CPU
	EndGlobalSection
	GlobalSection(SolutionProperties) = preSolution
		HideSolutionNode = FALSE
	EndGlobalSection
EndGlobal
