
Microsoft Visual Studio Solution File, Format Version 12.00
# Visual Studio 14
VisualStudioVersion = 14.0.24720.0
MinimumVisualStudioVersion = 10.0.40219.1
Project("{FAE04EC0-301F-11D3-BF4B-00C04F79EFBC}") = "AuthorizationCodeGrant", "AuthorizationCodeGrant\AuthorizationCodeGrant.csproj", "{53A40A83-BC24-46B0-9BED-7A506C9A463D}"
EndProject
Project("{FAE04EC0-301F-11D3-BF4B-00C04F79EFBC}") = "RefreshTokenGrant", "RefreshTokenGrant\RefreshTokenGrant.csproj", "{1D3DB5FC-8E6E-4BAA-B0C0-1EB4AEBBD129}"
EndProject
Project("{FAE04EC0-301F-11D3-BF4B-00C04F79EFBC}") = "ManagingSales", "ManagingSales\ManagingSales.csproj", "{00CE598F-EDEC-456C-B391-EB709B2FC4D8}"
EndProject
Global
	GlobalSection(SolutionConfigurationPlatforms) = preSolution
		Debug|Any CPU = Debug|Any CPU
		Release|Any CPU = Release|Any CPU
	EndGlobalSection
	GlobalSection(ProjectConfigurationPlatforms) = postSolution
		{53A40A83-BC24-46B0-9BED-7A506C9A463D}.Debug|Any CPU.ActiveCfg = Debug|Any CPU
		{53A40A83-BC24-46B0-9BED-7A506C9A463D}.Debug|Any CPU.Build.0 = Debug|Any CPU
		{53A40A83-BC24-46B0-9BED-7A506C9A463D}.Release|Any CPU.ActiveCfg = Release|Any CPU
		{53A40A83-BC24-46B0-9BED-7A506C9A463D}.Release|Any CPU.Build.0 = Release|Any CPU
		{1D3DB5FC-8E6E-4BAA-B0C0-1EB4AEBBD129}.Debug|Any CPU.ActiveCfg = Debug|Any CPU
		{1D3DB5FC-8E6E-4BAA-B0C0-1EB4AEBBD129}.Debug|Any CPU.Build.0 = Debug|Any CPU
		{1D3DB5FC-8E6E-4BAA-B0C0-1EB4AEBBD129}.Release|Any CPU.ActiveCfg = Release|Any CPU
		{1D3DB5FC-8E6E-4BAA-B0C0-1EB4AEBBD129}.Release|Any CPU.Build.0 = Release|Any CPU
		{00CE598F-EDEC-456C-B391-EB709B2FC4D8}.Debug|Any CPU.ActiveCfg = Debug|Any CPU
		{00CE598F-EDEC-456C-B391-EB709B2FC4D8}.Debug|Any CPU.Build.0 = Debug|Any CPU
		{00CE598F-EDEC-456C-B391-EB709B2FC4D8}.Release|Any CPU.ActiveCfg = Release|Any CPU
		{00CE598F-EDEC-456C-B391-EB709B2FC4D8}.Release|Any CPU.Build.0 = Release|Any CPU
	EndGlobalSection
	GlobalSection(SolutionProperties) = preSolution
		HideSolutionNode = FALSE
	EndGlobalSection
EndGlobal
